<Solution>
  <Folder Name="/src/">
    <Project Path="src/Api/Api.csproj" />
    <Project Path="src/Infraestructure.MasterAccess/Infraestructure.MasterAccess.csproj" />
    <Project Path="src/Infrastructure/Infrastructure.csproj" />
  </Folder>
  <Folder Name="/src/Contexts/" />
  <Folder Name="/src/Contexts/Health/">
    <Project Path="src/Contexts/Health/Application/Health.Application.csproj" />
    <Project Path="src/Contexts/Health/Domain/Health.Domain.csproj" />
  </Folder>
  <Folder Name="/src/Library/">
    <Project Path="src/Shared/Presentation/Shared.Presentation.csproj" />
    <Project Path="src/Shared/Results/Shared.Results.csproj" />
  </Folder>
  <Folder Name="/src/Shared/">
    <Project Path="src/Shared/Application/Shared.Application.csproj" />
    <Project Path="src/Shared/Domain/Shared.Domain.csproj" />
  </Folder>
  <Folder Name="/tests/">
    <Project Path="tests/IntegrationTests/IntegrationTests.csproj" />
    <Project Path="tests/UnitTests/UnitTests.csproj" />
  </Folder>
</Solution>
